
Microsoft Visual Studio Solution File, Format Version 12.00
# Visual Studio 15
VisualStudioVersion = 15.0.35706.147
MinimumVisualStudioVersion = 10.0.40219.1
Project("{9A19103F-16F7-4668-BE54-9A1E7A4F7556}") = "LojaNet.Models", "LojaNet.Models\LojaNet.Models.csproj", "{7376D56E-06DD-4691-BAEB-4648196DBCB5}"
EndProject
Project("{9A19103F-16F7-4668-BE54-9A1E7A4F7556}") = "LojaNet.DAL", "LojaNet.DAL\LojaNet.DAL.csproj", "{3804928E-5396-425D-BCDE-816E8C65E247}"
EndProject
Project("{9A19103F-16F7-4668-BE54-9A1E7A4F7556}") = "LojaNet.BLL", "LojaNet.BLL\LojaNet.BLL.csproj", "{20E9BB88-D2BF-49BD-824E-0C488959DEED}"
EndProject
Project("{FAE04EC0-301F-11D3-BF4B-00C04F79EFBC}") = "LojaNet.UI.Web", "LojaNet.UI.Web\LojaNet.UI.Web.csproj", "{A795BE04-27FE-447C-A369-A92032703A75}"
EndProject
Global
	GlobalSection(SolutionConfigurationPlatforms) = preSolution
		Debug|Any CPU = Debug|Any CPU
		Release|Any CPU = Release|Any CPU
	EndGlobalSection
	GlobalSection(ProjectConfigurationPlatforms) = postSolution
		{7376D56E-06DD-4691-BAEB-4648196DBCB5}.Debug|Any CPU.ActiveCfg = Debug|Any CPU
		{7376D56E-06DD-4691-BAEB-4648196DBCB5}.Debug|Any CPU.Build.0 = Debug|Any CPU
		{7376D56E-06DD-4691-BAEB-4648196DBCB5}.Release|Any CPU.ActiveCfg = Release|Any CPU
		{7376D56E-06DD-4691-BAEB-4648196DBCB5}.Release|Any CPU.Build.0 = Release|Any CPU
		{3804928E-5396-425D-BCDE-816E8C65E247}.Debug|Any CPU.ActiveCfg = Debug|Any CPU
		{3804928E-5396-425D-BCDE-816E8C65E247}.Debug|Any CPU.Build.0 = Debug|Any CPU
		{3804928E-5396-425D-BCDE-816E8C65E247}.Release|Any CPU.ActiveCfg = Release|Any CPU
		{3804928E-5396-425D-BCDE-816E8C65E247}.Release|Any CPU.Build.0 = Release|Any CPU
		{20E9BB88-D2BF-49BD-824E-0C488959DEED}.Debug|Any CPU.ActiveCfg = Debug|Any CPU
		{20E9BB88-D2BF-49BD-824E-0C488959DEED}.Debug|Any CPU.Build.0 = Debug|Any CPU
		{20E9BB88-D2BF-49BD-824E-0C488959DEED}.Release|Any CPU.ActiveCfg = Release|Any CPU
		{20E9BB88-D2BF-49BD-824E-0C488959DEED}.Release|Any CPU.Build.0 = Release|Any CPU
		{A795BE04-27FE-447C-A369-A92032703A75}.Debug|Any CPU.ActiveCfg = Debug|Any CPU
		{A795BE04-27FE-447C-A369-A92032703A75}.Debug|Any CPU.Build.0 = Debug|Any CPU
		{A795BE04-27FE-447C-A369-A92032703A75}.Release|Any CPU.ActiveCfg = Release|Any CPU
		{A795BE04-27FE-447C-A369-A92032703A75}.Release|Any CPU.Build.0 = Release|Any CPU
	EndGlobalSection
	GlobalSection(SolutionProperties) = preSolution
		HideSolutionNode = FALSE
	EndGlobalSection
	GlobalSection(ExtensibilityGlobals) = postSolution
		SolutionGuid = {22112C58-F920-4BCA-A930-2D826BFBAE60}
	EndGlobalSection
EndGlobal
